// !$*UTF8*$!
{
	archiveVersion = 1;
	classes = {
	};
	objectVersion = 56;
	objects = {

/* Begin PBXBuildFile section */
		BA4CC18A2BC5F3B0000524B1 /* AppDelegate.swift in Sources */ = {isa = PBXBuildFile; fileRef = BA4CC1892BC5F3B0000524B1 /* AppDelegate.swift */; };
		BA4CC18C2BC5F3B0000524B1 /* SceneDelegate.swift in Sources */ = {isa = PBXBuildFile; fileRef = BA4CC18B2BC5F3B0000524B1 /* SceneDelegate.swift */; };
		BA4CC18E2BC5F3B0000524B1 /* ViewController.swift in Sources */ = {isa = PBXBuildFile; fileRef = BA4CC18D2BC5F3B0000524B1 /* ViewController.swift */; };
		BA4CC1932BC5F3B1000524B1 /* Assets.xcassets in Resources */ = {isa = PBXBuildFile; fileRef = BA4CC1922BC5F3B1000524B1 /* Assets.xcassets */; };
		BA4CC1962BC5F3B1000524B1 /* Base in Resources */ = {isa = PBXBuildFile; fileRef = BA4CC1952BC5F3B1000524B1 /* Base */; };
		BA4CC1A02BC75F22000524B1 /* Extras.swift in Sources */ = {isa = PBXBuildFile; fileRef = BA4CC19F2BC75F22000524B1 /* Extras.swift */; };
		BA4CC1A22BC76283000524B1 /* PolarSignView.swift in Sources */ = {isa = PBXBuildFile; fileRef = BA4CC1A12BC76283000524B1 /* PolarSignView.swift */; };
		BA4CC1A52BC765D2000524B1 /* SignViewController.swift in Sources */ = {isa = PBXBuildFile; fileRef = BA4CC1A42BC765D2000524B1 /* SignViewController.swift */; };
		BA4CC1A72BC78B0C000524B1 /* SyllabusVC.swift in Sources */ = {isa = PBXBuildFile; fileRef = BA4CC1A62BC78B0C000524B1 /* SyllabusVC.swift */; };
/* End PBXBuildFile section */

/* Begin PBXFileReference section */
		BA4CC1862BC5F3B0000524B1 /* Assignment12.app */ = {isa = PBXFileReference; explicitFileType = wrapper.application; includeInIndex = 0; path = Assignment12.app; sourceTree = BUILT_PRODUCTS_DIR; };
		BA4CC1892BC5F3B0000524B1 /* AppDelegate.swift */ = {isa = PBXFileReference; lastKnownFileType = sourcecode.swift; path = AppDelegate.swift; sourceTree = "<group>"; };
		BA4CC18B2BC5F3B0000524B1 /* SceneDelegate.swift */ = {isa = PBXFileReference; lastKnownFileType = sourcecode.swift; path = SceneDelegate.swift; sourceTree = "<group>"; };
		BA4CC18D2BC5F3B0000524B1 /* ViewController.swift */ = {isa = PBXFileReference; lastKnownFileType = sourcecode.swift; path = ViewController.swift; sourceTree = "<group>"; };
		BA4CC1922BC5F3B1000524B1 /* Assets.xcassets */ = {isa = PBXFileReference; lastKnownFileType = folder.assetcatalog; path = Assets.xcassets; sourceTree = "<group>"; };
		BA4CC1952BC5F3B1000524B1 /* Base */ = {isa = PBXFileReference; lastKnownFileType = file.storyboard; name = Base; path = Base.lproj/LaunchScreen.storyboard; sourceTree = "<group>"; };
		BA4CC1972BC5F3B1000524B1 /* Info.plist */ = {isa = PBXFileReference; lastKnownFileType = text.plist.xml; path = Info.plist; sourceTree = "<group>"; };
		BA4CC19F2BC75F22000524B1 /* Extras.swift */ = {isa = PBXFileReference; lastKnownFileType = sourcecode.swift; path = Extras.swift; sourceTree = "<group>"; };
		BA4CC1A12BC76283000524B1 /* PolarSignView.swift */ = {isa = PBXFileReference; lastKnownFileType = sourcecode.swift; path = PolarSignView.swift; sourceTree = "<group>"; };
		BA4CC1A42BC765D2000524B1 /* SignViewController.swift */ = {isa = PBXFileReference; lastKnownFileType = sourcecode.swift; path = SignViewController.swift; sourceTree = "<group>"; };
		BA4CC1A62BC78B0C000524B1 /* SyllabusVC.swift */ = {isa = PBXFileReference; lastKnownFileType = sourcecode.swift; path = SyllabusVC.swift; sourceTree = "<group>"; };
/* End PBXFileReference section */

/* Begin PBXFrameworksBuildPhase section */
		BA4CC1832BC5F3B0000524B1 /* Frameworks */ = {
			isa = PBXFrameworksBuildPhase;
			buildActionMask = 2147483647;
			files = (
			);
			runOnlyForDeploymentPostprocessing = 0;
		};
/* End PBXFrameworksBuildPhase section */

/* Begin PBXGroup section */
		BA4CC17D2BC5F3B0000524B1 = {
			isa = PBXGroup;
			children = (
				BA4CC1882BC5F3B0000524B1 /* Assignment12 */,
				BA4CC1872BC5F3B0000524B1 /* Products */,
			);
			sourceTree = "<group>";
		};
		BA4CC1872BC5F3B0000524B1 /* Products */ = {
			isa = PBXGroup;
			children = (
				BA4CC1862BC5F3B0000524B1 /* Assignment12.app */,
			);
			name = Products;
			sourceTree = "<group>";
		};
		BA4CC1882BC5F3B0000524B1 /* Assignment12 */ = {
			isa = PBXGroup;
			children = (
				BA4CC1A32BC7628D000524B1 /* VCS */,
				BA4CC19F2BC75F22000524B1 /* Extras.swift */,
				BA4CC1892BC5F3B0000524B1 /* AppDelegate.swift */,
				BA4CC18B2BC5F3B0000524B1 /* SceneDelegate.swift */,
				BA4CC1922BC5F3B1000524B1 /* Assets.xcassets */,
				BA4CC1942BC5F3B1000524B1 /* LaunchScreen.storyboard */,
				BA4CC1972BC5F3B1000524B1 /* Info.plist */,
			);
			path = Assignment12;
			sourceTree = "<group>";
		};
		BA4CC1A32BC7628D000524B1 /* VCS */ = {
			isa = PBXGroup;
			children = (
				BA4CC18D2BC5F3B0000524B1 /* ViewController.swift */,
				BA4CC1A12BC76283000524B1 /* PolarSignView.swift */,
				BA4CC1A42BC765D2000524B1 /* SignViewController.swift */,
				BA4CC1A62BC78B0C000524B1 /* SyllabusVC.swift */,
			);
			path = VCS;
			sourceTree = "<group>";
		};
/* End PBXGroup section */

/* Begin PBXNativeTarget section */
		BA4CC1852BC5F3B0000524B1 /* Assignment12 */ = {
			isa = PBXNativeTarget;
			buildConfigurationList = BA4CC19A2BC5F3B1000524B1 /* Build configuration list for PBXNativeTarget "Assignment12" */;
			buildPhases = (
				BA4CC1822BC5F3B0000524B1 /* Sources */,
				BA4CC1832BC5F3B0000524B1 /* Frameworks */,
				BA4CC1842BC5F3B0000524B1 /* Resources */,
			);
			buildRules = (
			);
			dependencies = (
			);
			name = Assignment12;
			productName = Assignment12;
			productReference = BA4CC1862BC5F3B0000524B1 /* Assignment12.app */;
			productType = "com.apple.product-type.application";
		};
/* End PBXNativeTarget section */

/* Begin PBXProject section */
		BA4CC17E2BC5F3B0000524B1 /* Project object */ = {
			isa = PBXProject;
			attributes = {
				BuildIndependentTargetsInParallel = 1;
				LastSwiftUpdateCheck = 1530;
				LastUpgradeCheck = 1530;
				TargetAttributes = {
					BA4CC1852BC5F3B0000524B1 = {
						CreatedOnToolsVersion = 15.3;
					};
				};
			};
			buildConfigurationList = BA4CC1812BC5F3B0000524B1 /* Build configuration list for PBXProject "Assignment12" */;
			compatibilityVersion = "Xcode 14.0";
			developmentRegion = en;
			hasScannedForEncodings = 0;
			knownRegions = (
				en,
				Base,
			);
			mainGroup = BA4CC17D2BC5F3B0000524B1;
			productRefGroup = BA4CC1872BC5F3B0000524B1 /* Products */;
			projectDirPath = "";
			projectRoot = "";
			targets = (
				BA4CC1852BC5F3B0000524B1 /* Assignment12 */,
			);
		};
/* End PBXProject section */

/* Begin PBXResourcesBuildPhase section */
		BA4CC1842BC5F3B0000524B1 /* Resources */ = {
			isa = PBXResourcesBuildPhase;
			buildActionMask = 2147483647;
			files = (
				BA4CC1932BC5F3B1000524B1 /* Assets.xcassets in Resources */,
				BA4CC1962BC5F3B1000524B1 /* Base in Resources */,
			);
			runOnlyForDeploymentPostprocessing = 0;
		};
/* End PBXResourcesBuildPhase section */

/* Begin PBXSourcesBuildPhase section */
		BA4CC1822BC5F3B0000524B1 /* Sources */ = {
			isa = PBXSourcesBuildPhase;
			buildActionMask = 2147483647;
			files = (
				BA4CC18E2BC5F3B0000524B1 /* ViewController.swift in Sources */,
				BA4CC1A72BC78B0C000524B1 /* SyllabusVC.swift in Sources */,
				BA4CC1A52BC765D2000524B1 /* SignViewController.swift in Sources */,
				BA4CC1A22BC76283000524B1 /* PolarSignView.swift in Sources */,
				BA4CC18A2BC5F3B0000524B1 /* AppDelegate.swift in Sources */,
				BA4CC1A02BC75F22000524B1 /* Extras.swift in Sources */,
				BA4CC18C2BC5F3B0000524B1 /* SceneDelegate.swift in Sources */,
			);
			runOnlyForDeploymentPostprocessing = 0;
		};
/* End PBXSourcesBuildPhase section */

/* Begin PBXVariantGroup section */
		BA4CC1942BC5F3B1000524B1 /* LaunchScreen.storyboard */ = {
			isa = PBXVariantGroup;
			children = (
				BA4CC1952BC5F3B1000524B1 /* Base */,
			);
			name = LaunchScreen.storyboard;
			sourceTree = "<group>";
		};
/* End PBXVariantGroup section */

/* Begin XCBuildConfiguration section */
		BA4CC1982BC5F3B1000524B1 /* Debug */ = {
			isa = XCBuildConfiguration;
			buildSettings = {
				ALWAYS_SEARCH_USER_PATHS = NO;
				ASSETCATALOG_COMPILER_GENERATE_SWIFT_ASSET_SYMBOL_EXTENSIONS = YES;
				CLANG_ANALYZER_NONNULL = YES;
				CLANG_ANALYZER_NUMBER_OBJECT_CONVERSION = YES_AGGRESSIVE;
				CLANG_CXX_LANGUAGE_STANDARD = "gnu++20";
				CLANG_ENABLE_MODULES = YES;
				CLANG_ENABLE_OBJC_ARC = YES;
				CLANG_ENABLE_OBJC_WEAK = YES;
				CLANG_WARN_BLOCK_CAPTURE_AUTORELEASING = YES;
				CLANG_WARN_BOOL_CONVERSION = YES;
				CLANG_WARN_COMMA = YES;
				CLANG_WARN_CONSTANT_CONVERSION = YES;
				CLANG_WARN_DEPRECATED_OBJC_IMPLEMENTATIONS = YES;
				CLANG_WARN_DIRECT_OBJC_ISA_USAGE = YES_ERROR;
				CLANG_WARN_DOCUMENTATION_COMMENTS = YES;
				CLANG_WARN_EMPTY_BODY = YES;
				CLANG_WARN_ENUM_CONVERSION = YES;
				CLANG_WARN_INFINITE_RECURSION = YES;
				CLANG_WARN_INT_CONVERSION = YES;
				CLANG_WARN_NON_LITERAL_NULL_CONVERSION = YES;
				CLANG_WARN_OBJC_IMPLICIT_RETAIN_SELF = YES;
				CLANG_WARN_OBJC_LITERAL_CONVERSION = YES;
				CLANG_WARN_OBJC_ROOT_CLASS = YES_ERROR;
				CLANG_WARN_QUOTED_INCLUDE_IN_FRAMEWORK_HEADER = YES;
				CLANG_WARN_RANGE_LOOP_ANALYSIS = YES;
				CLANG_WARN_STRICT_PROTOTYPES = YES;
				CLANG_WARN_SUSPICIOUS_MOVE = YES;
				CLANG_WARN_UNGUARDED_AVAILABILITY = YES_AGGRESSIVE;
				CLANG_WARN_UNREACHABLE_CODE = YES;
				CLANG_WARN__DUPLICATE_METHOD_MATCH = YES;
				COPY_PHASE_STRIP = NO;
				DEBUG_INFORMATION_FORMAT = dwarf;
				ENABLE_STRICT_OBJC_MSGSEND = YES;
				ENABLE_TESTABILITY = YES;
				ENABLE_USER_SCRIPT_SANDBOXING = YES;
				GCC_C_LANGUAGE_STANDARD = gnu17;
				GCC_DYNAMIC_NO_PIC = NO;
				GCC_NO_COMMON_BLOCKS = YES;
				GCC_OPTIMIZATION_LEVEL = 0;
				GCC_PREPROCESSOR_DEFINITIONS = (
					"DEBUG=1",
					"$(inherited)",
				);
				GCC_WARN_64_TO_32_BIT_CONVERSION = YES;
				GCC_WARN_ABOUT_RETURN_TYPE = YES_ERROR;
				GCC_WARN_UNDECLARED_SELECTOR = YES;
				GCC_WARN_UNINITIALIZED_AUTOS = YES_AGGRESSIVE;
				GCC_WARN_UNUSED_FUNCTION = YES;
				GCC_WARN_UNUSED_VARIABLE = YES;
				IPHONEOS_DEPLOYMENT_TARGET = 17.4;
				LOCALIZATION_PREFERS_STRING_CATALOGS = YES;
				MTL_ENABLE_DEBUG_INFO = INCLUDE_SOURCE;
				MTL_FAST_MATH = YES;
				ONLY_ACTIVE_ARCH = YES;
				SDKROOT = iphoneos;
				SWIFT_ACTIVE_COMPILATION_CONDITIONS = "DEBUG $(inherited)";
				SWIFT_OPTIMIZATION_LEVEL = "-Onone";
			};
			name = Debug;
		};
		BA4CC1992BC5F3B1000524B1 /* Release */ = {
			isa = XCBuildConfiguration;
			buildSettings = {
				ALWAYS_SEARCH_USER_PATHS = NO;
				ASSETCATALOG_COMPILER_GENERATE_SWIFT_ASSET_SYMBOL_EXTENSIONS = YES;
				CLANG_ANALYZER_NONNULL = YES;
				CLANG_ANALYZER_NUMBER_OBJECT_CONVERSION = YES_AGGRESSIVE;
				CLANG_CXX_LANGUAGE_STANDARD = "gnu++20";
				CLANG_ENABLE_MODULES = YES;
				CLANG_ENABLE_OBJC_ARC = YES;
				CLANG_ENABLE_OBJC_WEAK = YES;
				CLANG_WARN_BLOCK_CAPTURE_AUTORELEASING = YES;
				CLANG_WARN_BOOL_CONVERSION = YES;
				CLANG_WARN_COMMA = YES;
				CLANG_WARN_CONSTANT_CONVERSION = YES;
				CLANG_WARN_DEPRECATED_OBJC_IMPLEMENTATIONS = YES;
				CLANG_WARN_DIRECT_OBJC_ISA_USAGE = YES_ERROR;
				CLANG_WARN_DOCUMENTATION_COMMENTS = YES;
				CLANG_WARN_EMPTY_BODY = YES;
				CLANG_WARN_ENUM_CONVERSION = YES;
				CLANG_WARN_INFINITE_RECURSION = YES;
				CLANG_WARN_INT_CONVERSION = YES;
				CLANG_WARN_NON_LITERAL_NULL_CONVERSION = YES;
				CLANG_WARN_OBJC_IMPLICIT_RETAIN_SELF = YES;
				CLANG_WARN_OBJC_LITERAL_CONVERSION = YES;
				CLANG_WARN_OBJC_ROOT_CLASS = YES_ERROR;
				CLANG_WARN_QUOTED_INCLUDE_IN_FRAMEWORK_HEADER = YES;
				CLANG_WARN_RANGE_LOOP_ANALYSIS = YES;
				CLANG_WARN_STRICT_PROTOTYPES = YES;
				CLANG_WARN_SUSPICIOUS_MOVE = YES;
				CLANG_WARN_UNGUARDED_AVAILABILITY = YES_AGGRESSIVE;
				CLANG_WARN_UNREACHABLE_CODE = YES;
				CLANG_WARN__DUPLICATE_METHOD_MATCH = YES;
				COPY_PHASE_STRIP = NO;
				DEBUG_INFORMATION_FORMAT = "dwarf-with-dsym";
				ENABLE_NS_ASSERTIONS = NO;
				ENABLE_STRICT_OBJC_MSGSEND = YES;
				ENABLE_USER_SCRIPT_SANDBOXING = YES;
				GCC_C_LANGUAGE_STANDARD = gnu17;
				GCC_NO_COMMON_BLOCKS = YES;
				GCC_WARN_64_TO_32_BIT_CONVERSION = YES;
				GCC_WARN_ABOUT_RETURN_TYPE = YES_ERROR;
				GCC_WARN_UNDECLARED_SELECTOR = YES;
				GCC_WARN_UNINITIALIZED_AUTOS = YES_AGGRESSIVE;
				GCC_WARN_UNUSED_FUNCTION = YES;
				GCC_WARN_UNUSED_VARIABLE = YES;
				IPHONEOS_DEPLOYMENT_TARGET = 17.4;
				LOCALIZATION_PREFERS_STRING_CATALOGS = YES;
				MTL_ENABLE_DEBUG_INFO = NO;
				MTL_FAST_MATH = YES;
				SDKROOT = iphoneos;
				SWIFT_COMPILATION_MODE = wholemodule;
				VALIDATE_PRODUCT = YES;
			};
			name = Release;
		};
		BA4CC19B2BC5F3B1000524B1 /* Debug */ = {
			isa = XCBuildConfiguration;
			buildSettings = {
				ASSETCATALOG_COMPILER_APPICON_NAME = AppIcon;
				ASSETCATALOG_COMPILER_GLOBAL_ACCENT_COLOR_NAME = AccentColor;
				CODE_SIGN_STYLE = Automatic;
				CURRENT_PROJECT_VERSION = 1;
				DEVELOPMENT_TEAM = XB2U2FV34B;
				GENERATE_INFOPLIST_FILE = YES;
				INFOPLIST_FILE = Assignment12/Info.plist;
				INFOPLIST_KEY_UIApplicationSupportsIndirectInputEvents = YES;
				INFOPLIST_KEY_UILaunchStoryboardName = LaunchScreen;
				INFOPLIST_KEY_UISupportedInterfaceOrientations_iPad = "UIInterfaceOrientationPortrait UIInterfaceOrientationPortraitUpsideDown UIInterfaceOrientationLandscapeLeft UIInterfaceOrientationLandscapeRight";
				INFOPLIST_KEY_UISupportedInterfaceOrientations_iPhone = "UIInterfaceOrientationPortrait UIInterfaceOrientationLandscapeLeft UIInterfaceOrientationLandscapeRight";
				LD_RUNPATH_SEARCH_PATHS = (
					"$(inherited)",
					"@executable_path/Frameworks",
				);
				MARKETING_VERSION = 1.0;
				PRODUCT_BUNDLE_IDENTIFIER = atitb.Assignment12;
				PRODUCT_NAME = "$(TARGET_NAME)";
				SWIFT_EMIT_LOC_STRINGS = YES;
				SWIFT_VERSION = 5.0;
				TARGETED_DEVICE_FAMILY = "1,2";
			};
			name = Debug;
		};
		BA4CC19C2BC5F3B1000524B1 /* Release */ = {
			isa = XCBuildConfiguration;
			buildSettings = {
				ASSETCATALOG_COMPILER_APPICON_NAME = AppIcon;
				ASSETCATALOG_COMPILER_GLOBAL_ACCENT_COLOR_NAME = AccentColor;
				CODE_SIGN_STYLE = Automatic;
				CURRENT_PROJECT_VERSION = 1;
				DEVELOPMENT_TEAM = XB2U2FV34B;
				GENERATE_INFOPLIST_FILE = YES;
				INFOPLIST_FILE = Assignment12/Info.plist;
				INFOPLIST_KEY_UIApplicationSupportsIndirectInputEvents = YES;
				INFOPLIST_KEY_UILaunchStoryboardName = LaunchScreen;
				INFOPLIST_KEY_UISupportedInterfaceOrientations_iPad = "UIInterfaceOrientationPortrait UIInterfaceOrientationPortraitUpsideDown UIInterfaceOrientationLandscapeLeft UIInterfaceOrientationLandscapeRight";
				INFOPLIST_KEY_UISupportedInterfaceOrientations_iPhone = "UIInterfaceOrientationPortrait UIInterfaceOrientationLandscapeLeft UIInterfaceOrientationLandscapeRight";
				LD_RUNPATH_SEARCH_PATHS = (
					"$(inherited)",
					"@executable_path/Frameworks",
				);
				MARKETING_VERSION = 1.0;
				PRODUCT_BUNDLE_IDENTIFIER = atitb.Assignment12;
				PRODUCT_NAME = "$(TARGET_NAME)";
				SWIFT_EMIT_LOC_STRINGS = YES;
				SWIFT_VERSION = 5.0;
				TARGETED_DEVICE_FAMILY = "1,2";
			};
			name = Release;
		};
/* End XCBuildConfiguration section */

/* Begin XCConfigurationList section */
		BA4CC1812BC5F3B0000524B1 /* Build configuration list for PBXProject "Assignment12" */ = {
			isa = XCConfigurationList;
			buildConfigurations = (
				BA4CC1982BC5F3B1000524B1 /* Debug */,
				BA4CC1992BC5F3B1000524B1 /* Release */,
			);
			defaultConfigurationIsVisible = 0;
			defaultConfigurationName = Release;
		};
		BA4CC19A2BC5F3B1000524B1 /* Build configuration list for PBXNativeTarget "Assignment12" */ = {
			isa = XCConfigurationList;
			buildConfigurations = (
				BA4CC19B2BC5F3B1000524B1 /* Debug */,
				BA4CC19C2BC5F3B1000524B1 /* Release */,
			);
			defaultConfigurationIsVisible = 0;
			defaultConfigurationName = Release;
		};
/* End XCConfigurationList section */
	};
	rootObject = BA4CC17E2BC5F3B0000524B1 /* Project object */;
}
