// !$*UTF8*$!
{
	archiveVersion = 1;
	classes = {
	};
	objectVersion = 56;
	objects = {

/* Begin PBXBuildFile section */
		BAE9DCD02BE3E9AB00BF861D /* AppDelegate.swift in Sources */ = {isa = PBXBuildFile; fileRef = BAE9DCCF2BE3E9AB00BF861D /* AppDelegate.swift */; };
		BAE9DCD22BE3E9AB00BF861D /* SceneDelegate.swift in Sources */ = {isa = PBXBuildFile; fileRef = BAE9DCD12BE3E9AB00BF861D /* SceneDelegate.swift */; };
		BAE9DCD42BE3E9AB00BF861D /* CatFactsListingVC.swift in Sources */ = {isa = PBXBuildFile; fileRef = BAE9DCD32BE3E9AB00BF861D /* CatFactsListingVC.swift */; };
		BAE9DCD92BE3E9AF00BF861D /* Assets.xcassets in Resources */ = {isa = PBXBuildFile; fileRef = BAE9DCD82BE3E9AF00BF861D /* Assets.xcassets */; };
		BAE9DCDC2BE3E9AF00BF861D /* Base in Resources */ = {isa = PBXBuildFile; fileRef = BAE9DCDB2BE3E9AF00BF861D /* Base */; };
		BAE9DCEB2BE450F400BF861D /* NetworkingPackage in Frameworks */ = {isa = PBXBuildFile; productRef = BAE9DCEA2BE450F400BF861D /* NetworkingPackage */; };
		BAE9DCED2BE451D400BF861D /* CatFactsListingViewModel.swift in Sources */ = {isa = PBXBuildFile; fileRef = BAE9DCEC2BE451D400BF861D /* CatFactsListingViewModel.swift */; };
		BAE9DCF32BE4561600BF861D /* FactsModel.swift in Sources */ = {isa = PBXBuildFile; fileRef = BAE9DCF22BE4561600BF861D /* FactsModel.swift */; };
		BAE9DCF52BE4620300BF861D /* CatFactsListingVC+TableViewExtension.swift in Sources */ = {isa = PBXBuildFile; fileRef = BAE9DCF42BE4620300BF861D /* CatFactsListingVC+TableViewExtension.swift */; };
		BAE9DCF92BE465C700BF861D /* CatFactCell.swift in Sources */ = {isa = PBXBuildFile; fileRef = BAE9DCF82BE465C700BF861D /* CatFactCell.swift */; };
/* End PBXBuildFile section */

/* Begin PBXFileReference section */
		BAE9DCCC2BE3E9AB00BF861D /* Assignment19.app */ = {isa = PBXFileReference; explicitFileType = wrapper.application; includeInIndex = 0; path = Assignment19.app; sourceTree = BUILT_PRODUCTS_DIR; };
		BAE9DCCF2BE3E9AB00BF861D /* AppDelegate.swift */ = {isa = PBXFileReference; lastKnownFileType = sourcecode.swift; path = AppDelegate.swift; sourceTree = "<group>"; };
		BAE9DCD12BE3E9AB00BF861D /* SceneDelegate.swift */ = {isa = PBXFileReference; lastKnownFileType = sourcecode.swift; path = SceneDelegate.swift; sourceTree = "<group>"; };
		BAE9DCD32BE3E9AB00BF861D /* CatFactsListingVC.swift */ = {isa = PBXFileReference; lastKnownFileType = sourcecode.swift; path = CatFactsListingVC.swift; sourceTree = "<group>"; };
		BAE9DCD82BE3E9AF00BF861D /* Assets.xcassets */ = {isa = PBXFileReference; lastKnownFileType = folder.assetcatalog; path = Assets.xcassets; sourceTree = "<group>"; };
		BAE9DCDB2BE3E9AF00BF861D /* Base */ = {isa = PBXFileReference; lastKnownFileType = file.storyboard; name = Base; path = Base.lproj/LaunchScreen.storyboard; sourceTree = "<group>"; };
		BAE9DCDD2BE3E9AF00BF861D /* Info.plist */ = {isa = PBXFileReference; lastKnownFileType = text.plist.xml; path = Info.plist; sourceTree = "<group>"; };
		BAE9DCEC2BE451D400BF861D /* CatFactsListingViewModel.swift */ = {isa = PBXFileReference; lastKnownFileType = sourcecode.swift; path = CatFactsListingViewModel.swift; sourceTree = "<group>"; };
		BAE9DCF22BE4561600BF861D /* FactsModel.swift */ = {isa = PBXFileReference; lastKnownFileType = sourcecode.swift; path = FactsModel.swift; sourceTree = "<group>"; };
		BAE9DCF42BE4620300BF861D /* CatFactsListingVC+TableViewExtension.swift */ = {isa = PBXFileReference; lastKnownFileType = sourcecode.swift; path = "CatFactsListingVC+TableViewExtension.swift"; sourceTree = "<group>"; };
		BAE9DCF82BE465C700BF861D /* CatFactCell.swift */ = {isa = PBXFileReference; lastKnownFileType = sourcecode.swift; path = CatFactCell.swift; sourceTree = "<group>"; };
/* End PBXFileReference section */

/* Begin PBXFrameworksBuildPhase section */
		BAE9DCC92BE3E9AB00BF861D /* Frameworks */ = {
			isa = PBXFrameworksBuildPhase;
			buildActionMask = 2147483647;
			files = (
				BAE9DCEB2BE450F400BF861D /* NetworkingPackage in Frameworks */,
			);
			runOnlyForDeploymentPostprocessing = 0;
		};
/* End PBXFrameworksBuildPhase section */

/* Begin PBXGroup section */
		BAE9DCC32BE3E9AB00BF861D = {
			isa = PBXGroup;
			children = (
				BAE9DCCE2BE3E9AB00BF861D /* Assignment19 */,
				BAE9DCCD2BE3E9AB00BF861D /* Products */,
			);
			sourceTree = "<group>";
		};
		BAE9DCCD2BE3E9AB00BF861D /* Products */ = {
			isa = PBXGroup;
			children = (
				BAE9DCCC2BE3E9AB00BF861D /* Assignment19.app */,
			);
			name = Products;
			sourceTree = "<group>";
		};
		BAE9DCCE2BE3E9AB00BF861D /* Assignment19 */ = {
			isa = PBXGroup;
			children = (
				BAE9DCE42BE4336C00BF861D /* App */,
				BAE9DCE82BE433C400BF861D /* Models */,
				BAE9DCE32BE432DC00BF861D /* Resources */,
				BAE9DCE52BE4339300BF861D /* Scenes */,
			);
			path = Assignment19;
			sourceTree = "<group>";
		};
		BAE9DCE32BE432DC00BF861D /* Resources */ = {
			isa = PBXGroup;
			children = (
				BAE9DCD82BE3E9AF00BF861D /* Assets.xcassets */,
				BAE9DCDD2BE3E9AF00BF861D /* Info.plist */,
			);
			path = Resources;
			sourceTree = "<group>";
		};
		BAE9DCE42BE4336C00BF861D /* App */ = {
			isa = PBXGroup;
			children = (
				BAE9DCCF2BE3E9AB00BF861D /* AppDelegate.swift */,
				BAE9DCD12BE3E9AB00BF861D /* SceneDelegate.swift */,
			);
			path = App;
			sourceTree = "<group>";
		};
		BAE9DCE52BE4339300BF861D /* Scenes */ = {
			isa = PBXGroup;
			children = (
				BAE9DCE72BE433B000BF861D /* Launch */,
				BAE9DCE62BE433A500BF861D /* Main */,
			);
			path = Scenes;
			sourceTree = "<group>";
		};
		BAE9DCE62BE433A500BF861D /* Main */ = {
			isa = PBXGroup;
			children = (
				BAE9DCEE2BE451DA00BF861D /* CatFactsListing */,
			);
			path = Main;
			sourceTree = "<group>";
		};
		BAE9DCE72BE433B000BF861D /* Launch */ = {
			isa = PBXGroup;
			children = (
				BAE9DCDA2BE3E9AF00BF861D /* LaunchScreen.storyboard */,
			);
			path = Launch;
			sourceTree = "<group>";
		};
		BAE9DCE82BE433C400BF861D /* Models */ = {
			isa = PBXGroup;
			children = (
				BAE9DCF22BE4561600BF861D /* FactsModel.swift */,
			);
			path = Models;
			sourceTree = "<group>";
		};
		BAE9DCEE2BE451DA00BF861D /* CatFactsListing */ = {
			isa = PBXGroup;
			children = (
				BAE9DCF62BE465AC00BF861D /* Cells */,
				BAE9DCEF2BE453C600BF861D /* Extensions */,
				BAE9DCD32BE3E9AB00BF861D /* CatFactsListingVC.swift */,
				BAE9DCEC2BE451D400BF861D /* CatFactsListingViewModel.swift */,
			);
			path = CatFactsListing;
			sourceTree = "<group>";
		};
		BAE9DCEF2BE453C600BF861D /* Extensions */ = {
			isa = PBXGroup;
			children = (
				BAE9DCF42BE4620300BF861D /* CatFactsListingVC+TableViewExtension.swift */,
			);
			path = Extensions;
			sourceTree = "<group>";
		};
		BAE9DCF62BE465AC00BF861D /* Cells */ = {
			isa = PBXGroup;
			children = (
				BAE9DCF82BE465C700BF861D /* CatFactCell.swift */,
			);
			path = Cells;
			sourceTree = "<group>";
		};
/* End PBXGroup section */

/* Begin PBXNativeTarget section */
		BAE9DCCB2BE3E9AB00BF861D /* Assignment19 */ = {
			isa = PBXNativeTarget;
			buildConfigurationList = BAE9DCE02BE3E9AF00BF861D /* Build configuration list for PBXNativeTarget "Assignment19" */;
			buildPhases = (
				BAE9DCC82BE3E9AB00BF861D /* Sources */,
				BAE9DCC92BE3E9AB00BF861D /* Frameworks */,
				BAE9DCCA2BE3E9AB00BF861D /* Resources */,
			);
			buildRules = (
			);
			dependencies = (
			);
			name = Assignment19;
			packageProductDependencies = (
				BAE9DCEA2BE450F400BF861D /* NetworkingPackage */,
			);
			productName = Assignment19;
			productReference = BAE9DCCC2BE3E9AB00BF861D /* Assignment19.app */;
			productType = "com.apple.product-type.application";
		};
/* End PBXNativeTarget section */

/* Begin PBXProject section */
		BAE9DCC42BE3E9AB00BF861D /* Project object */ = {
			isa = PBXProject;
			attributes = {
				BuildIndependentTargetsInParallel = 1;
				LastSwiftUpdateCheck = 1530;
				LastUpgradeCheck = 1530;
				TargetAttributes = {
					BAE9DCCB2BE3E9AB00BF861D = {
						CreatedOnToolsVersion = 15.3;
					};
				};
			};
			buildConfigurationList = BAE9DCC72BE3E9AB00BF861D /* Build configuration list for PBXProject "Assignment19" */;
			compatibilityVersion = "Xcode 14.0";
			developmentRegion = en;
			hasScannedForEncodings = 0;
			knownRegions = (
				en,
				Base,
			);
			mainGroup = BAE9DCC32BE3E9AB00BF861D;
			packageReferences = (
				BAE9DCE92BE450F400BF861D /* XCRemoteSwiftPackageReference "SwiftPackage-Network" */,
			);
			productRefGroup = BAE9DCCD2BE3E9AB00BF861D /* Products */;
			projectDirPath = "";
			projectRoot = "";
			targets = (
				BAE9DCCB2BE3E9AB00BF861D /* Assignment19 */,
			);
		};
/* End PBXProject section */

/* Begin PBXResourcesBuildPhase section */
		BAE9DCCA2BE3E9AB00BF861D /* Resources */ = {
			isa = PBXResourcesBuildPhase;
			buildActionMask = 2147483647;
			files = (
				BAE9DCD92BE3E9AF00BF861D /* Assets.xcassets in Resources */,
				BAE9DCDC2BE3E9AF00BF861D /* Base in Resources */,
			);
			runOnlyForDeploymentPostprocessing = 0;
		};
/* End PBXResourcesBuildPhase section */

/* Begin PBXSourcesBuildPhase section */
		BAE9DCC82BE3E9AB00BF861D /* Sources */ = {
			isa = PBXSourcesBuildPhase;
			buildActionMask = 2147483647;
			files = (
				BAE9DCF52BE4620300BF861D /* CatFactsListingVC+TableViewExtension.swift in Sources */,
				BAE9DCED2BE451D400BF861D /* CatFactsListingViewModel.swift in Sources */,
				BAE9DCD42BE3E9AB00BF861D /* CatFactsListingVC.swift in Sources */,
				BAE9DCD02BE3E9AB00BF861D /* AppDelegate.swift in Sources */,
				BAE9DCF32BE4561600BF861D /* FactsModel.swift in Sources */,
				BAE9DCF92BE465C700BF861D /* CatFactCell.swift in Sources */,
				BAE9DCD22BE3E9AB00BF861D /* SceneDelegate.swift in Sources */,
			);
			runOnlyForDeploymentPostprocessing = 0;
		};
/* End PBXSourcesBuildPhase section */

/* Begin PBXVariantGroup section */
		BAE9DCDA2BE3E9AF00BF861D /* LaunchScreen.storyboard */ = {
			isa = PBXVariantGroup;
			children = (
				BAE9DCDB2BE3E9AF00BF861D /* Base */,
			);
			name = LaunchScreen.storyboard;
			sourceTree = "<group>";
		};
/* End PBXVariantGroup section */

/* Begin XCBuildConfiguration section */
		BAE9DCDE2BE3E9AF00BF861D /* Debug */ = {
			isa = XCBuildConfiguration;
			buildSettings = {
				ALWAYS_SEARCH_USER_PATHS = NO;
				ASSETCATALOG_COMPILER_GENERATE_SWIFT_ASSET_SYMBOL_EXTENSIONS = YES;
				CLANG_ANALYZER_NONNULL = YES;
				CLANG_ANALYZER_NUMBER_OBJECT_CONVERSION = YES_AGGRESSIVE;
				CLANG_CXX_LANGUAGE_STANDARD = "gnu++20";
				CLANG_ENABLE_MODULES = YES;
				CLANG_ENABLE_OBJC_ARC = YES;
				CLANG_ENABLE_OBJC_WEAK = YES;
				CLANG_WARN_BLOCK_CAPTURE_AUTORELEASING = YES;
				CLANG_WARN_BOOL_CONVERSION = YES;
				CLANG_WARN_COMMA = YES;
				CLANG_WARN_CONSTANT_CONVERSION = YES;
				CLANG_WARN_DEPRECATED_OBJC_IMPLEMENTATIONS = YES;
				CLANG_WARN_DIRECT_OBJC_ISA_USAGE = YES_ERROR;
				CLANG_WARN_DOCUMENTATION_COMMENTS = YES;
				CLANG_WARN_EMPTY_BODY = YES;
				CLANG_WARN_ENUM_CONVERSION = YES;
				CLANG_WARN_INFINITE_RECURSION = YES;
				CLANG_WARN_INT_CONVERSION = YES;
				CLANG_WARN_NON_LITERAL_NULL_CONVERSION = YES;
				CLANG_WARN_OBJC_IMPLICIT_RETAIN_SELF = YES;
				CLANG_WARN_OBJC_LITERAL_CONVERSION = YES;
				CLANG_WARN_OBJC_ROOT_CLASS = YES_ERROR;
				CLANG_WARN_QUOTED_INCLUDE_IN_FRAMEWORK_HEADER = YES;
				CLANG_WARN_RANGE_LOOP_ANALYSIS = YES;
				CLANG_WARN_STRICT_PROTOTYPES = YES;
				CLANG_WARN_SUSPICIOUS_MOVE = YES;
				CLANG_WARN_UNGUARDED_AVAILABILITY = YES_AGGRESSIVE;
				CLANG_WARN_UNREACHABLE_CODE = YES;
				CLANG_WARN__DUPLICATE_METHOD_MATCH = YES;
				COPY_PHASE_STRIP = NO;
				DEBUG_INFORMATION_FORMAT = dwarf;
				ENABLE_STRICT_OBJC_MSGSEND = YES;
				ENABLE_TESTABILITY = YES;
				ENABLE_USER_SCRIPT_SANDBOXING = YES;
				GCC_C_LANGUAGE_STANDARD = gnu17;
				GCC_DYNAMIC_NO_PIC = NO;
				GCC_NO_COMMON_BLOCKS = YES;
				GCC_OPTIMIZATION_LEVEL = 0;
				GCC_PREPROCESSOR_DEFINITIONS = (
					"DEBUG=1",
					"$(inherited)",
				);
				GCC_WARN_64_TO_32_BIT_CONVERSION = YES;
				GCC_WARN_ABOUT_RETURN_TYPE = YES_ERROR;
				GCC_WARN_UNDECLARED_SELECTOR = YES;
				GCC_WARN_UNINITIALIZED_AUTOS = YES_AGGRESSIVE;
				GCC_WARN_UNUSED_FUNCTION = YES;
				GCC_WARN_UNUSED_VARIABLE = YES;
				IPHONEOS_DEPLOYMENT_TARGET = 17.4;
				LOCALIZATION_PREFERS_STRING_CATALOGS = YES;
				MTL_ENABLE_DEBUG_INFO = INCLUDE_SOURCE;
				MTL_FAST_MATH = YES;
				ONLY_ACTIVE_ARCH = YES;
				SDKROOT = iphoneos;
				SWIFT_ACTIVE_COMPILATION_CONDITIONS = "DEBUG $(inherited)";
				SWIFT_OPTIMIZATION_LEVEL = "-Onone";
			};
			name = Debug;
		};
		BAE9DCDF2BE3E9AF00BF861D /* Release */ = {
			isa = XCBuildConfiguration;
			buildSettings = {
				ALWAYS_SEARCH_USER_PATHS = NO;
				ASSETCATALOG_COMPILER_GENERATE_SWIFT_ASSET_SYMBOL_EXTENSIONS = YES;
				CLANG_ANALYZER_NONNULL = YES;
				CLANG_ANALYZER_NUMBER_OBJECT_CONVERSION = YES_AGGRESSIVE;
				CLANG_CXX_LANGUAGE_STANDARD = "gnu++20";
				CLANG_ENABLE_MODULES = YES;
				CLANG_ENABLE_OBJC_ARC = YES;
				CLANG_ENABLE_OBJC_WEAK = YES;
				CLANG_WARN_BLOCK_CAPTURE_AUTORELEASING = YES;
				CLANG_WARN_BOOL_CONVERSION = YES;
				CLANG_WARN_COMMA = YES;
				CLANG_WARN_CONSTANT_CONVERSION = YES;
				CLANG_WARN_DEPRECATED_OBJC_IMPLEMENTATIONS = YES;
				CLANG_WARN_DIRECT_OBJC_ISA_USAGE = YES_ERROR;
				CLANG_WARN_DOCUMENTATION_COMMENTS = YES;
				CLANG_WARN_EMPTY_BODY = YES;
				CLANG_WARN_ENUM_CONVERSION = YES;
				CLANG_WARN_INFINITE_RECURSION = YES;
				CLANG_WARN_INT_CONVERSION = YES;
				CLANG_WARN_NON_LITERAL_NULL_CONVERSION = YES;
				CLANG_WARN_OBJC_IMPLICIT_RETAIN_SELF = YES;
				CLANG_WARN_OBJC_LITERAL_CONVERSION = YES;
				CLANG_WARN_OBJC_ROOT_CLASS = YES_ERROR;
				CLANG_WARN_QUOTED_INCLUDE_IN_FRAMEWORK_HEADER = YES;
				CLANG_WARN_RANGE_LOOP_ANALYSIS = YES;
				CLANG_WARN_STRICT_PROTOTYPES = YES;
				CLANG_WARN_SUSPICIOUS_MOVE = YES;
				CLANG_WARN_UNGUARDED_AVAILABILITY = YES_AGGRESSIVE;
				CLANG_WARN_UNREACHABLE_CODE = YES;
				CLANG_WARN__DUPLICATE_METHOD_MATCH = YES;
				COPY_PHASE_STRIP = NO;
				DEBUG_INFORMATION_FORMAT = "dwarf-with-dsym";
				ENABLE_NS_ASSERTIONS = NO;
				ENABLE_STRICT_OBJC_MSGSEND = YES;
				ENABLE_USER_SCRIPT_SANDBOXING = YES;
				GCC_C_LANGUAGE_STANDARD = gnu17;
				GCC_NO_COMMON_BLOCKS = YES;
				GCC_WARN_64_TO_32_BIT_CONVERSION = YES;
				GCC_WARN_ABOUT_RETURN_TYPE = YES_ERROR;
				GCC_WARN_UNDECLARED_SELECTOR = YES;
				GCC_WARN_UNINITIALIZED_AUTOS = YES_AGGRESSIVE;
				GCC_WARN_UNUSED_FUNCTION = YES;
				GCC_WARN_UNUSED_VARIABLE = YES;
				IPHONEOS_DEPLOYMENT_TARGET = 17.4;
				LOCALIZATION_PREFERS_STRING_CATALOGS = YES;
				MTL_ENABLE_DEBUG_INFO = NO;
				MTL_FAST_MATH = YES;
				SDKROOT = iphoneos;
				SWIFT_COMPILATION_MODE = wholemodule;
				VALIDATE_PRODUCT = YES;
			};
			name = Release;
		};
		BAE9DCE12BE3E9AF00BF861D /* Debug */ = {
			isa = XCBuildConfiguration;
			buildSettings = {
				ASSETCATALOG_COMPILER_APPICON_NAME = AppIcon;
				ASSETCATALOG_COMPILER_GLOBAL_ACCENT_COLOR_NAME = AccentColor;
				CODE_SIGN_STYLE = Automatic;
				CURRENT_PROJECT_VERSION = 1;
				DEVELOPMENT_TEAM = XB2U2FV34B;
				GENERATE_INFOPLIST_FILE = YES;
				INFOPLIST_FILE = Assignment19/Resources/Info.plist;
				INFOPLIST_KEY_UIApplicationSupportsIndirectInputEvents = YES;
				INFOPLIST_KEY_UILaunchStoryboardName = LaunchScreen;
				INFOPLIST_KEY_UISupportedInterfaceOrientations_iPad = "UIInterfaceOrientationPortrait UIInterfaceOrientationPortraitUpsideDown UIInterfaceOrientationLandscapeLeft UIInterfaceOrientationLandscapeRight";
				INFOPLIST_KEY_UISupportedInterfaceOrientations_iPhone = "UIInterfaceOrientationPortrait UIInterfaceOrientationLandscapeLeft UIInterfaceOrientationLandscapeRight";
				LD_RUNPATH_SEARCH_PATHS = (
					"$(inherited)",
					"@executable_path/Frameworks",
				);
				MARKETING_VERSION = 1.0;
				PRODUCT_BUNDLE_IDENTIFIER = atitb.Assignment19;
				PRODUCT_NAME = "$(TARGET_NAME)";
				SUPPORTED_PLATFORMS = "iphoneos iphonesimulator";
				SUPPORTS_MACCATALYST = NO;
				SUPPORTS_MAC_DESIGNED_FOR_IPHONE_IPAD = NO;
				SUPPORTS_XR_DESIGNED_FOR_IPHONE_IPAD = NO;
				SWIFT_EMIT_LOC_STRINGS = YES;
				SWIFT_VERSION = 5.0;
				TARGETED_DEVICE_FAMILY = "1,2";
			};
			name = Debug;
		};
		BAE9DCE22BE3E9AF00BF861D /* Release */ = {
			isa = XCBuildConfiguration;
			buildSettings = {
				ASSETCATALOG_COMPILER_APPICON_NAME = AppIcon;
				ASSETCATALOG_COMPILER_GLOBAL_ACCENT_COLOR_NAME = AccentColor;
				CODE_SIGN_STYLE = Automatic;
				CURRENT_PROJECT_VERSION = 1;
				DEVELOPMENT_TEAM = XB2U2FV34B;
				GENERATE_INFOPLIST_FILE = YES;
				INFOPLIST_FILE = Assignment19/Resources/Info.plist;
				INFOPLIST_KEY_UIApplicationSupportsIndirectInputEvents = YES;
				INFOPLIST_KEY_UILaunchStoryboardName = LaunchScreen;
				INFOPLIST_KEY_UISupportedInterfaceOrientations_iPad = "UIInterfaceOrientationPortrait UIInterfaceOrientationPortraitUpsideDown UIInterfaceOrientationLandscapeLeft UIInterfaceOrientationLandscapeRight";
				INFOPLIST_KEY_UISupportedInterfaceOrientations_iPhone = "UIInterfaceOrientationPortrait UIInterfaceOrientationLandscapeLeft UIInterfaceOrientationLandscapeRight";
				LD_RUNPATH_SEARCH_PATHS = (
					"$(inherited)",
					"@executable_path/Frameworks",
				);
				MARKETING_VERSION = 1.0;
				PRODUCT_BUNDLE_IDENTIFIER = atitb.Assignment19;
				PRODUCT_NAME = "$(TARGET_NAME)";
				SUPPORTED_PLATFORMS = "iphoneos iphonesimulator";
				SUPPORTS_MACCATALYST = NO;
				SUPPORTS_MAC_DESIGNED_FOR_IPHONE_IPAD = NO;
				SUPPORTS_XR_DESIGNED_FOR_IPHONE_IPAD = NO;
				SWIFT_EMIT_LOC_STRINGS = YES;
				SWIFT_VERSION = 5.0;
				TARGETED_DEVICE_FAMILY = "1,2";
			};
			name = Release;
		};
/* End XCBuildConfiguration section */

/* Begin XCConfigurationList section */
		BAE9DCC72BE3E9AB00BF861D /* Build configuration list for PBXProject "Assignment19" */ = {
			isa = XCConfigurationList;
			buildConfigurations = (
				BAE9DCDE2BE3E9AF00BF861D /* Debug */,
				BAE9DCDF2BE3E9AF00BF861D /* Release */,
			);
			defaultConfigurationIsVisible = 0;
			defaultConfigurationName = Release;
		};
		BAE9DCE02BE3E9AF00BF861D /* Build configuration list for PBXNativeTarget "Assignment19" */ = {
			isa = XCConfigurationList;
			buildConfigurations = (
				BAE9DCE12BE3E9AF00BF861D /* Debug */,
				BAE9DCE22BE3E9AF00BF861D /* Release */,
			);
			defaultConfigurationIsVisible = 0;
			defaultConfigurationName = Release;
		};
/* End XCConfigurationList section */

/* Begin XCRemoteSwiftPackageReference section */
		BAE9DCE92BE450F400BF861D /* XCRemoteSwiftPackageReference "SwiftPackage-Network" */ = {
			isa = XCRemoteSwiftPackageReference;
			repositoryURL = "https://github.com/shkippppper/SwiftPackage-Network.git";
			requirement = {
				branch = main;
				kind = branch;
			};
		};
/* End XCRemoteSwiftPackageReference section */

/* Begin XCSwiftPackageProductDependency section */
		BAE9DCEA2BE450F400BF861D /* NetworkingPackage */ = {
			isa = XCSwiftPackageProductDependency;
			package = BAE9DCE92BE450F400BF861D /* XCRemoteSwiftPackageReference "SwiftPackage-Network" */;
			productName = NetworkingPackage;
		};
/* End XCSwiftPackageProductDependency section */
	};
	rootObject = BAE9DCC42BE3E9AB00BF861D /* Project object */;
}
