// !$*UTF8*$!
{
	archiveVersion = 1;
	classes = {
	};
	objectVersion = 56;
	objects = {

/* Begin PBXBuildFile section */
		BA5A853B2BD55ED400546D2E /* AppDelegate.swift in Sources */ = {isa = PBXBuildFile; fileRef = BA5A853A2BD55ED400546D2E /* AppDelegate.swift */; };
		BA5A853D2BD55ED400546D2E /* SceneDelegate.swift in Sources */ = {isa = PBXBuildFile; fileRef = BA5A853C2BD55ED400546D2E /* SceneDelegate.swift */; };
		BA5A853F2BD55ED400546D2E /* LandingPageVC.swift in Sources */ = {isa = PBXBuildFile; fileRef = BA5A853E2BD55ED400546D2E /* LandingPageVC.swift */; };
		BA5A85442BD55ED600546D2E /* Assets.xcassets in Resources */ = {isa = PBXBuildFile; fileRef = BA5A85432BD55ED600546D2E /* Assets.xcassets */; };
		BA5A85472BD55ED600546D2E /* Base in Resources */ = {isa = PBXBuildFile; fileRef = BA5A85462BD55ED600546D2E /* Base */; };
		BA5A85542BD56A4100546D2E /* CountryCell.swift in Sources */ = {isa = PBXBuildFile; fileRef = BA5A85532BD56A4100546D2E /* CountryCell.swift */; };
		BA5A85582BD56D1D00546D2E /* LandingPageVC+TableViewExtension.swift in Sources */ = {isa = PBXBuildFile; fileRef = BA5A85572BD56D1D00546D2E /* LandingPageVC+TableViewExtension.swift */; };
		BA5A855B2BD69D5200546D2E /* CountryModel.swift in Sources */ = {isa = PBXBuildFile; fileRef = BA5A855A2BD69D5200546D2E /* CountryModel.swift */; };
		BA5A855D2BD6B47E00546D2E /* UIImageViewExtension.swift in Sources */ = {isa = PBXBuildFile; fileRef = BA5A855C2BD6B47E00546D2E /* UIImageViewExtension.swift */; };
		BA5A855F2BD6BB0300546D2E /* DetailedCountryVC.swift in Sources */ = {isa = PBXBuildFile; fileRef = BA5A855E2BD6BB0200546D2E /* DetailedCountryVC.swift */; };
		BA5A85632BD6BCF600546D2E /* FlagView.swift in Sources */ = {isa = PBXBuildFile; fileRef = BA5A85622BD6BCF600546D2E /* FlagView.swift */; };
		BA5A85652BD6BD0100546D2E /* BasicInfoView.swift in Sources */ = {isa = PBXBuildFile; fileRef = BA5A85642BD6BD0100546D2E /* BasicInfoView.swift */; };
		BA5A85672BD6BD1100546D2E /* UsefulLinksView.swift in Sources */ = {isa = PBXBuildFile; fileRef = BA5A85662BD6BD1100546D2E /* UsefulLinksView.swift */; };
		BA5A856A2BD6BF1E00546D2E /* UILabelExtension.swift in Sources */ = {isa = PBXBuildFile; fileRef = BA5A85692BD6BF1E00546D2E /* UILabelExtension.swift */; };
		BA5A85732BD71A2400546D2E /* UIViewExtension.swift in Sources */ = {isa = PBXBuildFile; fileRef = BA5A85722BD71A2400546D2E /* UIViewExtension.swift */; };
/* End PBXBuildFile section */

/* Begin PBXFileReference section */
		BA5A85372BD55ED400546D2E /* Assignment16.app */ = {isa = PBXFileReference; explicitFileType = wrapper.application; includeInIndex = 0; path = Assignment16.app; sourceTree = BUILT_PRODUCTS_DIR; };
		BA5A853A2BD55ED400546D2E /* AppDelegate.swift */ = {isa = PBXFileReference; lastKnownFileType = sourcecode.swift; path = AppDelegate.swift; sourceTree = "<group>"; };
		BA5A853C2BD55ED400546D2E /* SceneDelegate.swift */ = {isa = PBXFileReference; lastKnownFileType = sourcecode.swift; path = SceneDelegate.swift; sourceTree = "<group>"; };
		BA5A853E2BD55ED400546D2E /* LandingPageVC.swift */ = {isa = PBXFileReference; lastKnownFileType = sourcecode.swift; path = LandingPageVC.swift; sourceTree = "<group>"; };
		BA5A85432BD55ED600546D2E /* Assets.xcassets */ = {isa = PBXFileReference; lastKnownFileType = folder.assetcatalog; path = Assets.xcassets; sourceTree = "<group>"; };
		BA5A85462BD55ED600546D2E /* Base */ = {isa = PBXFileReference; lastKnownFileType = file.storyboard; name = Base; path = Base.lproj/LaunchScreen.storyboard; sourceTree = "<group>"; };
		BA5A85482BD55ED600546D2E /* Info.plist */ = {isa = PBXFileReference; lastKnownFileType = text.plist.xml; path = Info.plist; sourceTree = "<group>"; };
		BA5A85532BD56A4100546D2E /* CountryCell.swift */ = {isa = PBXFileReference; lastKnownFileType = sourcecode.swift; path = CountryCell.swift; sourceTree = "<group>"; };
		BA5A85572BD56D1D00546D2E /* LandingPageVC+TableViewExtension.swift */ = {isa = PBXFileReference; lastKnownFileType = sourcecode.swift; path = "LandingPageVC+TableViewExtension.swift"; sourceTree = "<group>"; };
		BA5A855A2BD69D5200546D2E /* CountryModel.swift */ = {isa = PBXFileReference; lastKnownFileType = sourcecode.swift; path = CountryModel.swift; sourceTree = "<group>"; };
		BA5A855C2BD6B47E00546D2E /* UIImageViewExtension.swift */ = {isa = PBXFileReference; lastKnownFileType = sourcecode.swift; path = UIImageViewExtension.swift; sourceTree = "<group>"; };
		BA5A855E2BD6BB0200546D2E /* DetailedCountryVC.swift */ = {isa = PBXFileReference; lastKnownFileType = sourcecode.swift; path = DetailedCountryVC.swift; sourceTree = "<group>"; };
		BA5A85622BD6BCF600546D2E /* FlagView.swift */ = {isa = PBXFileReference; lastKnownFileType = sourcecode.swift; path = FlagView.swift; sourceTree = "<group>"; };
		BA5A85642BD6BD0100546D2E /* BasicInfoView.swift */ = {isa = PBXFileReference; lastKnownFileType = sourcecode.swift; path = BasicInfoView.swift; sourceTree = "<group>"; };
		BA5A85662BD6BD1100546D2E /* UsefulLinksView.swift */ = {isa = PBXFileReference; lastKnownFileType = sourcecode.swift; path = UsefulLinksView.swift; sourceTree = "<group>"; };
		BA5A85692BD6BF1E00546D2E /* UILabelExtension.swift */ = {isa = PBXFileReference; lastKnownFileType = sourcecode.swift; path = UILabelExtension.swift; sourceTree = "<group>"; };
		BA5A85722BD71A2400546D2E /* UIViewExtension.swift */ = {isa = PBXFileReference; lastKnownFileType = sourcecode.swift; path = UIViewExtension.swift; sourceTree = "<group>"; };
/* End PBXFileReference section */

/* Begin PBXFrameworksBuildPhase section */
		BA5A85342BD55ED400546D2E /* Frameworks */ = {
			isa = PBXFrameworksBuildPhase;
			buildActionMask = 2147483647;
			files = (
			);
			runOnlyForDeploymentPostprocessing = 0;
		};
/* End PBXFrameworksBuildPhase section */

/* Begin PBXGroup section */
		BA5A852E2BD55ED400546D2E = {
			isa = PBXGroup;
			children = (
				BA5A85392BD55ED400546D2E /* Assignment16 */,
				BA5A85382BD55ED400546D2E /* Products */,
			);
			sourceTree = "<group>";
		};
		BA5A85382BD55ED400546D2E /* Products */ = {
			isa = PBXGroup;
			children = (
				BA5A85372BD55ED400546D2E /* Assignment16.app */,
			);
			name = Products;
			sourceTree = "<group>";
		};
		BA5A85392BD55ED400546D2E /* Assignment16 */ = {
			isa = PBXGroup;
			children = (
				BA5A856F2BD6F03200546D2E /* Views */,
				BA5A85592BD69D4400546D2E /* Models */,
				BA5A854F2BD5670200546D2E /* App */,
				BA5A85552BD56C9200546D2E /* Cells */,
				BA5A85562BD56C9A00546D2E /* Extensions */,
				BA5A85502BD5679700546D2E /* Resources */,
				BA5A854E2BD566D800546D2E /* Scenes */,
			);
			path = Assignment16;
			sourceTree = "<group>";
		};
		BA5A854E2BD566D800546D2E /* Scenes */ = {
			isa = PBXGroup;
			children = (
				BA5A85522BD5683500546D2E /* Launch */,
				BA5A85512BD5683200546D2E /* Main */,
			);
			path = Scenes;
			sourceTree = "<group>";
		};
		BA5A854F2BD5670200546D2E /* App */ = {
			isa = PBXGroup;
			children = (
				BA5A853A2BD55ED400546D2E /* AppDelegate.swift */,
				BA5A853C2BD55ED400546D2E /* SceneDelegate.swift */,
			);
			path = App;
			sourceTree = "<group>";
		};
		BA5A85502BD5679700546D2E /* Resources */ = {
			isa = PBXGroup;
			children = (
				BA5A85432BD55ED600546D2E /* Assets.xcassets */,
				BA5A85482BD55ED600546D2E /* Info.plist */,
			);
			path = Resources;
			sourceTree = "<group>";
		};
		BA5A85512BD5683200546D2E /* Main */ = {
			isa = PBXGroup;
			children = (
				BA5A853E2BD55ED400546D2E /* LandingPageVC.swift */,
				BA5A855E2BD6BB0200546D2E /* DetailedCountryVC.swift */,
			);
			path = Main;
			sourceTree = "<group>";
		};
		BA5A85522BD5683500546D2E /* Launch */ = {
			isa = PBXGroup;
			children = (
				BA5A85452BD55ED600546D2E /* LaunchScreen.storyboard */,
			);
			path = Launch;
			sourceTree = "<group>";
		};
		BA5A85552BD56C9200546D2E /* Cells */ = {
			isa = PBXGroup;
			children = (
				BA5A85532BD56A4100546D2E /* CountryCell.swift */,
			);
			path = Cells;
			sourceTree = "<group>";
		};
		BA5A85562BD56C9A00546D2E /* Extensions */ = {
			isa = PBXGroup;
			children = (
				BA5A85572BD56D1D00546D2E /* LandingPageVC+TableViewExtension.swift */,
				BA5A855C2BD6B47E00546D2E /* UIImageViewExtension.swift */,
				BA5A85692BD6BF1E00546D2E /* UILabelExtension.swift */,
				BA5A85722BD71A2400546D2E /* UIViewExtension.swift */,
			);
			path = Extensions;
			sourceTree = "<group>";
		};
		BA5A85592BD69D4400546D2E /* Models */ = {
			isa = PBXGroup;
			children = (
				BA5A855A2BD69D5200546D2E /* CountryModel.swift */,
			);
			path = Models;
			sourceTree = "<group>";
		};
		BA5A856F2BD6F03200546D2E /* Views */ = {
			isa = PBXGroup;
			children = (
				BA5A85622BD6BCF600546D2E /* FlagView.swift */,
				BA5A85642BD6BD0100546D2E /* BasicInfoView.swift */,
				BA5A85662BD6BD1100546D2E /* UsefulLinksView.swift */,
			);
			path = Views;
			sourceTree = "<group>";
		};
/* End PBXGroup section */

/* Begin PBXNativeTarget section */
		BA5A85362BD55ED400546D2E /* Assignment16 */ = {
			isa = PBXNativeTarget;
			buildConfigurationList = BA5A854B2BD55ED600546D2E /* Build configuration list for PBXNativeTarget "Assignment16" */;
			buildPhases = (
				BA5A85332BD55ED400546D2E /* Sources */,
				BA5A85342BD55ED400546D2E /* Frameworks */,
				BA5A85352BD55ED400546D2E /* Resources */,
			);
			buildRules = (
			);
			dependencies = (
			);
			name = Assignment16;
			productName = Assignment16;
			productReference = BA5A85372BD55ED400546D2E /* Assignment16.app */;
			productType = "com.apple.product-type.application";
		};
/* End PBXNativeTarget section */

/* Begin PBXProject section */
		BA5A852F2BD55ED400546D2E /* Project object */ = {
			isa = PBXProject;
			attributes = {
				BuildIndependentTargetsInParallel = 1;
				LastSwiftUpdateCheck = 1530;
				LastUpgradeCheck = 1530;
				TargetAttributes = {
					BA5A85362BD55ED400546D2E = {
						CreatedOnToolsVersion = 15.3;
					};
				};
			};
			buildConfigurationList = BA5A85322BD55ED400546D2E /* Build configuration list for PBXProject "Assignment16" */;
			compatibilityVersion = "Xcode 14.0";
			developmentRegion = en;
			hasScannedForEncodings = 0;
			knownRegions = (
				en,
				Base,
			);
			mainGroup = BA5A852E2BD55ED400546D2E;
			productRefGroup = BA5A85382BD55ED400546D2E /* Products */;
			projectDirPath = "";
			projectRoot = "";
			targets = (
				BA5A85362BD55ED400546D2E /* Assignment16 */,
			);
		};
/* End PBXProject section */

/* Begin PBXResourcesBuildPhase section */
		BA5A85352BD55ED400546D2E /* Resources */ = {
			isa = PBXResourcesBuildPhase;
			buildActionMask = 2147483647;
			files = (
				BA5A85442BD55ED600546D2E /* Assets.xcassets in Resources */,
				BA5A85472BD55ED600546D2E /* Base in Resources */,
			);
			runOnlyForDeploymentPostprocessing = 0;
		};
/* End PBXResourcesBuildPhase section */

/* Begin PBXSourcesBuildPhase section */
		BA5A85332BD55ED400546D2E /* Sources */ = {
			isa = PBXSourcesBuildPhase;
			buildActionMask = 2147483647;
			files = (
				BA5A853F2BD55ED400546D2E /* LandingPageVC.swift in Sources */,
				BA5A855D2BD6B47E00546D2E /* UIImageViewExtension.swift in Sources */,
				BA5A85582BD56D1D00546D2E /* LandingPageVC+TableViewExtension.swift in Sources */,
				BA5A855F2BD6BB0300546D2E /* DetailedCountryVC.swift in Sources */,
				BA5A85652BD6BD0100546D2E /* BasicInfoView.swift in Sources */,
				BA5A853B2BD55ED400546D2E /* AppDelegate.swift in Sources */,
				BA5A853D2BD55ED400546D2E /* SceneDelegate.swift in Sources */,
				BA5A85632BD6BCF600546D2E /* FlagView.swift in Sources */,
				BA5A85672BD6BD1100546D2E /* UsefulLinksView.swift in Sources */,
				BA5A85732BD71A2400546D2E /* UIViewExtension.swift in Sources */,
				BA5A855B2BD69D5200546D2E /* CountryModel.swift in Sources */,
				BA5A85542BD56A4100546D2E /* CountryCell.swift in Sources */,
				BA5A856A2BD6BF1E00546D2E /* UILabelExtension.swift in Sources */,
			);
			runOnlyForDeploymentPostprocessing = 0;
		};
/* End PBXSourcesBuildPhase section */

/* Begin PBXVariantGroup section */
		BA5A85452BD55ED600546D2E /* LaunchScreen.storyboard */ = {
			isa = PBXVariantGroup;
			children = (
				BA5A85462BD55ED600546D2E /* Base */,
			);
			name = LaunchScreen.storyboard;
			sourceTree = "<group>";
		};
/* End PBXVariantGroup section */

/* Begin XCBuildConfiguration section */
		BA5A85492BD55ED600546D2E /* Debug */ = {
			isa = XCBuildConfiguration;
			buildSettings = {
				ALWAYS_SEARCH_USER_PATHS = NO;
				ASSETCATALOG_COMPILER_GENERATE_SWIFT_ASSET_SYMBOL_EXTENSIONS = YES;
				CLANG_ANALYZER_NONNULL = YES;
				CLANG_ANALYZER_NUMBER_OBJECT_CONVERSION = YES_AGGRESSIVE;
				CLANG_CXX_LANGUAGE_STANDARD = "gnu++20";
				CLANG_ENABLE_MODULES = YES;
				CLANG_ENABLE_OBJC_ARC = YES;
				CLANG_ENABLE_OBJC_WEAK = YES;
				CLANG_WARN_BLOCK_CAPTURE_AUTORELEASING = YES;
				CLANG_WARN_BOOL_CONVERSION = YES;
				CLANG_WARN_COMMA = YES;
				CLANG_WARN_CONSTANT_CONVERSION = YES;
				CLANG_WARN_DEPRECATED_OBJC_IMPLEMENTATIONS = YES;
				CLANG_WARN_DIRECT_OBJC_ISA_USAGE = YES_ERROR;
				CLANG_WARN_DOCUMENTATION_COMMENTS = YES;
				CLANG_WARN_EMPTY_BODY = YES;
				CLANG_WARN_ENUM_CONVERSION = YES;
				CLANG_WARN_INFINITE_RECURSION = YES;
				CLANG_WARN_INT_CONVERSION = YES;
				CLANG_WARN_NON_LITERAL_NULL_CONVERSION = YES;
				CLANG_WARN_OBJC_IMPLICIT_RETAIN_SELF = YES;
				CLANG_WARN_OBJC_LITERAL_CONVERSION = YES;
				CLANG_WARN_OBJC_ROOT_CLASS = YES_ERROR;
				CLANG_WARN_QUOTED_INCLUDE_IN_FRAMEWORK_HEADER = YES;
				CLANG_WARN_RANGE_LOOP_ANALYSIS = YES;
				CLANG_WARN_STRICT_PROTOTYPES = YES;
				CLANG_WARN_SUSPICIOUS_MOVE = YES;
				CLANG_WARN_UNGUARDED_AVAILABILITY = YES_AGGRESSIVE;
				CLANG_WARN_UNREACHABLE_CODE = YES;
				CLANG_WARN__DUPLICATE_METHOD_MATCH = YES;
				COPY_PHASE_STRIP = NO;
				DEBUG_INFORMATION_FORMAT = dwarf;
				ENABLE_STRICT_OBJC_MSGSEND = YES;
				ENABLE_TESTABILITY = YES;
				ENABLE_USER_SCRIPT_SANDBOXING = YES;
				GCC_C_LANGUAGE_STANDARD = gnu17;
				GCC_DYNAMIC_NO_PIC = NO;
				GCC_NO_COMMON_BLOCKS = YES;
				GCC_OPTIMIZATION_LEVEL = 0;
				GCC_PREPROCESSOR_DEFINITIONS = (
					"DEBUG=1",
					"$(inherited)",
				);
				GCC_WARN_64_TO_32_BIT_CONVERSION = YES;
				GCC_WARN_ABOUT_RETURN_TYPE = YES_ERROR;
				GCC_WARN_UNDECLARED_SELECTOR = YES;
				GCC_WARN_UNINITIALIZED_AUTOS = YES_AGGRESSIVE;
				GCC_WARN_UNUSED_FUNCTION = YES;
				GCC_WARN_UNUSED_VARIABLE = YES;
				IPHONEOS_DEPLOYMENT_TARGET = 17.4;
				LOCALIZATION_PREFERS_STRING_CATALOGS = YES;
				MTL_ENABLE_DEBUG_INFO = INCLUDE_SOURCE;
				MTL_FAST_MATH = YES;
				ONLY_ACTIVE_ARCH = YES;
				SDKROOT = iphoneos;
				SWIFT_ACTIVE_COMPILATION_CONDITIONS = "DEBUG $(inherited)";
				SWIFT_OPTIMIZATION_LEVEL = "-Onone";
			};
			name = Debug;
		};
		BA5A854A2BD55ED600546D2E /* Release */ = {
			isa = XCBuildConfiguration;
			buildSettings = {
				ALWAYS_SEARCH_USER_PATHS = NO;
				ASSETCATALOG_COMPILER_GENERATE_SWIFT_ASSET_SYMBOL_EXTENSIONS = YES;
				CLANG_ANALYZER_NONNULL = YES;
				CLANG_ANALYZER_NUMBER_OBJECT_CONVERSION = YES_AGGRESSIVE;
				CLANG_CXX_LANGUAGE_STANDARD = "gnu++20";
				CLANG_ENABLE_MODULES = YES;
				CLANG_ENABLE_OBJC_ARC = YES;
				CLANG_ENABLE_OBJC_WEAK = YES;
				CLANG_WARN_BLOCK_CAPTURE_AUTORELEASING = YES;
				CLANG_WARN_BOOL_CONVERSION = YES;
				CLANG_WARN_COMMA = YES;
				CLANG_WARN_CONSTANT_CONVERSION = YES;
				CLANG_WARN_DEPRECATED_OBJC_IMPLEMENTATIONS = YES;
				CLANG_WARN_DIRECT_OBJC_ISA_USAGE = YES_ERROR;
				CLANG_WARN_DOCUMENTATION_COMMENTS = YES;
				CLANG_WARN_EMPTY_BODY = YES;
				CLANG_WARN_ENUM_CONVERSION = YES;
				CLANG_WARN_INFINITE_RECURSION = YES;
				CLANG_WARN_INT_CONVERSION = YES;
				CLANG_WARN_NON_LITERAL_NULL_CONVERSION = YES;
				CLANG_WARN_OBJC_IMPLICIT_RETAIN_SELF = YES;
				CLANG_WARN_OBJC_LITERAL_CONVERSION = YES;
				CLANG_WARN_OBJC_ROOT_CLASS = YES_ERROR;
				CLANG_WARN_QUOTED_INCLUDE_IN_FRAMEWORK_HEADER = YES;
				CLANG_WARN_RANGE_LOOP_ANALYSIS = YES;
				CLANG_WARN_STRICT_PROTOTYPES = YES;
				CLANG_WARN_SUSPICIOUS_MOVE = YES;
				CLANG_WARN_UNGUARDED_AVAILABILITY = YES_AGGRESSIVE;
				CLANG_WARN_UNREACHABLE_CODE = YES;
				CLANG_WARN__DUPLICATE_METHOD_MATCH = YES;
				COPY_PHASE_STRIP = NO;
				DEBUG_INFORMATION_FORMAT = "dwarf-with-dsym";
				ENABLE_NS_ASSERTIONS = NO;
				ENABLE_STRICT_OBJC_MSGSEND = YES;
				ENABLE_USER_SCRIPT_SANDBOXING = YES;
				GCC_C_LANGUAGE_STANDARD = gnu17;
				GCC_NO_COMMON_BLOCKS = YES;
				GCC_WARN_64_TO_32_BIT_CONVERSION = YES;
				GCC_WARN_ABOUT_RETURN_TYPE = YES_ERROR;
				GCC_WARN_UNDECLARED_SELECTOR = YES;
				GCC_WARN_UNINITIALIZED_AUTOS = YES_AGGRESSIVE;
				GCC_WARN_UNUSED_FUNCTION = YES;
				GCC_WARN_UNUSED_VARIABLE = YES;
				IPHONEOS_DEPLOYMENT_TARGET = 17.4;
				LOCALIZATION_PREFERS_STRING_CATALOGS = YES;
				MTL_ENABLE_DEBUG_INFO = NO;
				MTL_FAST_MATH = YES;
				SDKROOT = iphoneos;
				SWIFT_COMPILATION_MODE = wholemodule;
				VALIDATE_PRODUCT = YES;
			};
			name = Release;
		};
		BA5A854C2BD55ED600546D2E /* Debug */ = {
			isa = XCBuildConfiguration;
			buildSettings = {
				ASSETCATALOG_COMPILER_APPICON_NAME = AppIcon;
				ASSETCATALOG_COMPILER_GLOBAL_ACCENT_COLOR_NAME = AccentColor;
				CODE_SIGN_STYLE = Automatic;
				CURRENT_PROJECT_VERSION = 1;
				DEVELOPMENT_TEAM = XB2U2FV34B;
				GENERATE_INFOPLIST_FILE = YES;
				INFOPLIST_FILE = Assignment16/Resources/Info.plist;
				INFOPLIST_KEY_UIApplicationSupportsIndirectInputEvents = YES;
				INFOPLIST_KEY_UILaunchStoryboardName = LaunchScreen;
				INFOPLIST_KEY_UISupportedInterfaceOrientations_iPad = "UIInterfaceOrientationPortrait UIInterfaceOrientationPortraitUpsideDown UIInterfaceOrientationLandscapeLeft UIInterfaceOrientationLandscapeRight";
				INFOPLIST_KEY_UISupportedInterfaceOrientations_iPhone = "UIInterfaceOrientationPortrait UIInterfaceOrientationLandscapeLeft UIInterfaceOrientationLandscapeRight";
				LD_RUNPATH_SEARCH_PATHS = (
					"$(inherited)",
					"@executable_path/Frameworks",
				);
				MARKETING_VERSION = 1.0;
				PRODUCT_BUNDLE_IDENTIFIER = atitb.Assignment16;
				PRODUCT_NAME = "$(TARGET_NAME)";
				SWIFT_EMIT_LOC_STRINGS = YES;
				SWIFT_VERSION = 5.0;
				TARGETED_DEVICE_FAMILY = "1,2";
			};
			name = Debug;
		};
		BA5A854D2BD55ED600546D2E /* Release */ = {
			isa = XCBuildConfiguration;
			buildSettings = {
				ASSETCATALOG_COMPILER_APPICON_NAME = AppIcon;
				ASSETCATALOG_COMPILER_GLOBAL_ACCENT_COLOR_NAME = AccentColor;
				CODE_SIGN_STYLE = Automatic;
				CURRENT_PROJECT_VERSION = 1;
				DEVELOPMENT_TEAM = XB2U2FV34B;
				GENERATE_INFOPLIST_FILE = YES;
				INFOPLIST_FILE = Assignment16/Resources/Info.plist;
				INFOPLIST_KEY_UIApplicationSupportsIndirectInputEvents = YES;
				INFOPLIST_KEY_UILaunchStoryboardName = LaunchScreen;
				INFOPLIST_KEY_UISupportedInterfaceOrientations_iPad = "UIInterfaceOrientationPortrait UIInterfaceOrientationPortraitUpsideDown UIInterfaceOrientationLandscapeLeft UIInterfaceOrientationLandscapeRight";
				INFOPLIST_KEY_UISupportedInterfaceOrientations_iPhone = "UIInterfaceOrientationPortrait UIInterfaceOrientationLandscapeLeft UIInterfaceOrientationLandscapeRight";
				LD_RUNPATH_SEARCH_PATHS = (
					"$(inherited)",
					"@executable_path/Frameworks",
				);
				MARKETING_VERSION = 1.0;
				PRODUCT_BUNDLE_IDENTIFIER = atitb.Assignment16;
				PRODUCT_NAME = "$(TARGET_NAME)";
				SWIFT_EMIT_LOC_STRINGS = YES;
				SWIFT_VERSION = 5.0;
				TARGETED_DEVICE_FAMILY = "1,2";
			};
			name = Release;
		};
/* End XCBuildConfiguration section */

/* Begin XCConfigurationList section */
		BA5A85322BD55ED400546D2E /* Build configuration list for PBXProject "Assignment16" */ = {
			isa = XCConfigurationList;
			buildConfigurations = (
				BA5A85492BD55ED600546D2E /* Debug */,
				BA5A854A2BD55ED600546D2E /* Release */,
			);
			defaultConfigurationIsVisible = 0;
			defaultConfigurationName = Release;
		};
		BA5A854B2BD55ED600546D2E /* Build configuration list for PBXNativeTarget "Assignment16" */ = {
			isa = XCConfigurationList;
			buildConfigurations = (
				BA5A854C2BD55ED600546D2E /* Debug */,
				BA5A854D2BD55ED600546D2E /* Release */,
			);
			defaultConfigurationIsVisible = 0;
			defaultConfigurationName = Release;
		};
/* End XCConfigurationList section */
	};
	rootObject = BA5A852F2BD55ED400546D2E /* Project object */;
}
